
Microsoft Visual Studio Solution File, Format Version 12.00
# Visual Studio Version 16
VisualStudioVersion = 16.0.30717.126
MinimumVisualStudioVersion = 10.0.40219.1
Project("{9A19103F-16F7-4668-BE54-9A1E7A4F7556}") = "AzurePerfTest", "AzurePerfTest\AzurePerfTest.csproj", "{29DF2A53-E4B9-47C4-BD84-FB4D9BCF271F}"
EndProject
Project("{9A19103F-16F7-4668-BE54-9A1E7A4F7556}") = "AzurePerfTest.DAL", "AzurePerfTest.DAL\AzurePerfTest.DAL.csproj", "{C3975A03-ACEB-4BD1-9789-7DB27878C18A}"
EndProject
Project("{F2A71F9B-5D33-465A-A702-920D77279786}") = "AzurePerfTest.LoadTest", "AzurePerfTest.LoadTest\AzurePerfTest.LoadTest.fsproj", "{146C14E4-74CF-4E34-9632-347ABEE1795F}"
EndProject
Global
	GlobalSection(SolutionConfigurationPlatforms) = preSolution
		Debug|Any CPU = Debug|Any CPU
		Release|Any CPU = Release|Any CPU
	EndGlobalSection
	GlobalSection(ProjectConfigurationPlatforms) = postSolution
		{29DF2A53-E4B9-47C4-BD84-FB4D9BCF271F}.Debug|Any CPU.ActiveCfg = Debug|Any CPU
		{29DF2A53-E4B9-47C4-BD84-FB4D9BCF271F}.Debug|Any CPU.Build.0 = Debug|Any CPU
		{29DF2A53-E4B9-47C4-BD84-FB4D9BCF271F}.Release|Any CPU.ActiveCfg = Release|Any CPU
		{29DF2A53-E4B9-47C4-BD84-FB4D9BCF271F}.Release|Any CPU.Build.0 = Release|Any CPU
		{C3975A03-ACEB-4BD1-9789-7DB27878C18A}.Debug|Any CPU.ActiveCfg = Debug|Any CPU
		{C3975A03-ACEB-4BD1-9789-7DB27878C18A}.Debug|Any CPU.Build.0 = Debug|Any CPU
		{C3975A03-ACEB-4BD1-9789-7DB27878C18A}.Release|Any CPU.ActiveCfg = Release|Any CPU
		{C3975A03-ACEB-4BD1-9789-7DB27878C18A}.Release|Any CPU.Build.0 = Release|Any CPU
		{146C14E4-74CF-4E34-9632-347ABEE1795F}.Debug|Any CPU.ActiveCfg = Debug|Any CPU
		{146C14E4-74CF-4E34-9632-347ABEE1795F}.Debug|Any CPU.Build.0 = Debug|Any CPU
		{146C14E4-74CF-4E34-9632-347ABEE1795F}.Release|Any CPU.ActiveCfg = Release|Any CPU
		{146C14E4-74CF-4E34-9632-347ABEE1795F}.Release|Any CPU.Build.0 = Release|Any CPU
	EndGlobalSection
	GlobalSection(SolutionProperties) = preSolution
		HideSolutionNode = FALSE
	EndGlobalSection
	GlobalSection(ExtensibilityGlobals) = postSolution
		SolutionGuid = {1C1A190E-AD7F-460A-B776-A07AE9365C7B}
	EndGlobalSection
EndGlobal
